
Microsoft Visual Studio Solution File, Format Version 12.00
Project("{FAE04EC0-301F-11D3-BF4B-00C04F79EFBC}") = "WebServer", "WebServer\WebServer.csproj", "{145AD4B7-5323-4D8D-BA8F-7902915C0284}"
EndProject
Project("{FAE04EC0-301F-11D3-BF4B-00C04F79EFBC}") = "Synchronizers", "Synchronizers\Synchronizers.csproj", "{FA610ACB-FB5E-4D79-A362-C39444508598}"
EndProject
Project("{FAE04EC0-301F-11D3-BF4B-00C04F79EFBC}") = "Utils", "Utils\Utils.csproj", "{0CA5C218-AF46-4738-877D-20EEA9C71166}"
EndProject
Global
	GlobalSection(SolutionConfigurationPlatforms) = preSolution
		Debug|Any CPU = Debug|Any CPU
		Release|Any CPU = Release|Any CPU
	EndGlobalSection
	GlobalSection(ProjectConfigurationPlatforms) = postSolution
		{145AD4B7-5323-4D8D-BA8F-7902915C0284}.Debug|Any CPU.ActiveCfg = Debug|Any CPU
		{145AD4B7-5323-4D8D-BA8F-7902915C0284}.Debug|Any CPU.Build.0 = Debug|Any CPU
		{145AD4B7-5323-4D8D-BA8F-7902915C0284}.Release|Any CPU.ActiveCfg = Release|Any CPU
		{145AD4B7-5323-4D8D-BA8F-7902915C0284}.Release|Any CPU.Build.0 = Release|Any CPU
		{FA610ACB-FB5E-4D79-A362-C39444508598}.Debug|Any CPU.ActiveCfg = Debug|Any CPU
		{FA610ACB-FB5E-4D79-A362-C39444508598}.Debug|Any CPU.Build.0 = Debug|Any CPU
		{FA610ACB-FB5E-4D79-A362-C39444508598}.Release|Any CPU.ActiveCfg = Release|Any CPU
		{FA610ACB-FB5E-4D79-A362-C39444508598}.Release|Any CPU.Build.0 = Release|Any CPU
		{0CA5C218-AF46-4738-877D-20EEA9C71166}.Debug|Any CPU.ActiveCfg = Debug|Any CPU
		{0CA5C218-AF46-4738-877D-20EEA9C71166}.Debug|Any CPU.Build.0 = Debug|Any CPU
		{0CA5C218-AF46-4738-877D-20EEA9C71166}.Release|Any CPU.ActiveCfg = Release|Any CPU
		{0CA5C218-AF46-4738-877D-20EEA9C71166}.Release|Any CPU.Build.0 = Release|Any CPU
	EndGlobalSection
EndGlobal
